
Microsoft Visual Studio Solution File, Format Version 12.00
# Visual Studio 14
VisualStudioVersion = 14.0.25420.1
MinimumVisualStudioVersion = 10.0.40219.1
Project("{FAE04EC0-301F-11D3-BF4B-00C04F79EFBC}") = "Dakk_Manager.Website", "Dakk_Manager.Website\Dakk_Manager.Website.csproj", "{9C50DDDF-B2F7-45AE-A65A-E577D0BFA98E}"
EndProject
Project("{FAE04EC0-301F-11D3-BF4B-00C04F79EFBC}") = "Dakk_Manager.Entities", "Dakk_Manager.Entities\Dakk_Manager.Entities.csproj", "{6F762C9F-B37B-4C94-BE00-38E743B5FC63}"
EndProject
Project("{FAE04EC0-301F-11D3-BF4B-00C04F79EFBC}") = "Dakk_Manager.Database", "Dakk_Manager.Database\Dakk_Manager.Database.csproj", "{A8AC166B-1E72-4870-AE1C-237D0469A483}"
EndProject
Global
	GlobalSection(SolutionConfigurationPlatforms) = preSolution
		Debug|Any CPU = Debug|Any CPU
		Release|Any CPU = Release|Any CPU
	EndGlobalSection
	GlobalSection(ProjectConfigurationPlatforms) = postSolution
		{9C50DDDF-B2F7-45AE-A65A-E577D0BFA98E}.Debug|Any CPU.ActiveCfg = Debug|Any CPU
		{9C50DDDF-B2F7-45AE-A65A-E577D0BFA98E}.Debug|Any CPU.Build.0 = Debug|Any CPU
		{9C50DDDF-B2F7-45AE-A65A-E577D0BFA98E}.Release|Any CPU.ActiveCfg = Release|Any CPU
		{9C50DDDF-B2F7-45AE-A65A-E577D0BFA98E}.Release|Any CPU.Build.0 = Release|Any CPU
		{6F762C9F-B37B-4C94-BE00-38E743B5FC63}.Debug|Any CPU.ActiveCfg = Debug|Any CPU
		{6F762C9F-B37B-4C94-BE00-38E743B5FC63}.Debug|Any CPU.Build.0 = Debug|Any CPU
		{6F762C9F-B37B-4C94-BE00-38E743B5FC63}.Release|Any CPU.ActiveCfg = Release|Any CPU
		{6F762C9F-B37B-4C94-BE00-38E743B5FC63}.Release|Any CPU.Build.0 = Release|Any CPU
		{A8AC166B-1E72-4870-AE1C-237D0469A483}.Debug|Any CPU.ActiveCfg = Debug|Any CPU
		{A8AC166B-1E72-4870-AE1C-237D0469A483}.Debug|Any CPU.Build.0 = Debug|Any CPU
		{A8AC166B-1E72-4870-AE1C-237D0469A483}.Release|Any CPU.ActiveCfg = Release|Any CPU
		{A8AC166B-1E72-4870-AE1C-237D0469A483}.Release|Any CPU.Build.0 = Release|Any CPU
	EndGlobalSection
	GlobalSection(SolutionProperties) = preSolution
		HideSolutionNode = FALSE
	EndGlobalSection
EndGlobal
